{
  "object": {
    "pins": [
      {
        "package": "Apollo",
        "repositoryURL": "https://github.com/apollographql/apollo-ios",
        "state": {
          "branch": null,
          "revision": "85e70159ed8dedb75a0c77846afd5dbbfe727759",
          "version": "1.0.0-beta.1"
        }
      },
      {
        "package": "InflectorKit",
        "repositoryURL": "https://github.com/mattt/InflectorKit",
        "state": {
          "branch": null,
          "revision": "d8cbcc04972690aaa5fc760a2b9ddb3e9f0decd7",
          "version": "1.0.0"
        }
      },
      {
        "package": "KeychainSwift",
        "repositoryURL": "https://github.com/evgenyneu/keychain-swift.git",
        "state": {
          "branch": null,
          "revision": "d9b76fba09c2eb5c0bb9312092d309c833996cd2",
          "version": "18.0.0"
        }
      },
      {
        "package": "SDWebImage",
        "repositoryURL": "https://github.com/SDWebImage/SDWebImage.git",
        "state": {
          "branch": null,
          "revision": "c4b8660bb3ef543fe4bdcaac0db956b32dc5583f",
          "version": "5.13.0"
        }
      },
      {
        "package": "SQLite.swift",
        "repositoryURL": "https://github.com/stephencelis/SQLite.swift.git",
        "state": {
          "branch": null,
          "revision": "4d543d811ee644fa4cc4bfa0be996b4dd6ba0f54",
          "version": "0.13.3"
        }
      },
      {
        "package": "swift-argument-parser",
        "repositoryURL": "https://github.com/apple/swift-argument-parser.git",
        "state": {
          "branch": null,
          "revision": "9564d61b08a5335ae0a36f789a7d71493eacadfc",
          "version": "0.3.2"
        }
      },
      {
        "package": "swift-collections",
        "repositoryURL": "https://github.com/apple/swift-collections",
        "state": {
          "branch": null,
          "revision": "48254824bb4248676bf7ce56014ff57b142b77eb",
          "version": "1.0.2"
        }
      }
    ]
  },
  "version": 1
}
